
Microsoft Visual Studio Solution File, Format Version 12.00
# Visual Studio Version 17
VisualStudioVersion = 17.9.34728.123
MinimumVisualStudioVersion = 10.0.40219.1
Project("{888888A0-9F3D-457C-B088-3A5042F75D52}") = "HeartDiseaseClassifier", "HeartDiseaseClassifier.pyproj", "{4ABF0FB4-28BD-4F76-93A4-08BCA4EBA948}"
EndProject
Global
	GlobalSection(SolutionConfigurationPlatforms) = preSolution
		Debug|Any CPU = Debug|Any CPU
		Release|Any CPU = Release|Any CPU
	EndGlobalSection
	GlobalSection(ProjectConfigurationPlatforms) = postSolution
		{4ABF0FB4-28BD-4F76-93A4-08BCA4EBA948}.Debug|Any CPU.ActiveCfg = Debug|Any CPU
		{4ABF0FB4-28BD-4F76-93A4-08BCA4EBA948}.Release|Any CPU.ActiveCfg = Release|Any CPU
	EndGlobalSection
	GlobalSection(SolutionProperties) = preSolution
		HideSolutionNode = FALSE
	EndGlobalSection
	GlobalSection(ExtensibilityGlobals) = postSolution
		SolutionGuid = {96D4D518-E577-4590-BBB7-07EE468CA760}
	EndGlobalSection
EndGlobal
